
Microsoft Visual Studio Solution File, Format Version 12.00
# Visual Studio Version 16
VisualStudioVersion = 16.0.31729.503
MinimumVisualStudioVersion = 10.0.40219.1
Project("{FAE04EC0-301F-11D3-BF4B-00C04F79EFBC}") = "FilmesAPI", "FilmesAPI\FilmesAPI.csproj", "{9DA5A7EC-AA81-487C-95D9-5C97A1BD891C}"
EndProject
Global
	GlobalSection(SolutionConfigurationPlatforms) = preSolution
		Debug|Any CPU = Debug|Any CPU
		Release|Any CPU = Release|Any CPU
	EndGlobalSection
	GlobalSection(ProjectConfigurationPlatforms) = postSolution
		{9DA5A7EC-AA81-487C-95D9-5C97A1BD891C}.Debug|Any CPU.ActiveCfg = Debug|Any CPU
		{9DA5A7EC-AA81-487C-95D9-5C97A1BD891C}.Debug|Any CPU.Build.0 = Debug|Any CPU
		{9DA5A7EC-AA81-487C-95D9-5C97A1BD891C}.Release|Any CPU.ActiveCfg = Release|Any CPU
		{9DA5A7EC-AA81-487C-95D9-5C97A1BD891C}.Release|Any CPU.Build.0 = Release|Any CPU
	EndGlobalSection
	GlobalSection(SolutionProperties) = preSolution
		HideSolutionNode = FALSE
	EndGlobalSection
	GlobalSection(ExtensibilityGlobals) = postSolution
		SolutionGuid = {09BEF8CD-F35F-414D-AF8F-3842687C7188}
	EndGlobalSection
EndGlobal
